
Microsoft Visual Studio Solution File, Format Version 12.00
# Visual Studio Version 16
VisualStudioVersion = 16.0.30804.86
MinimumVisualStudioVersion = 10.0.40219.1
Project("{9A19103F-16F7-4668-BE54-9A1E7A4F7556}") = "Ribboned", "Ribboned\Ribboned.csproj", "{3CFF4A2A-10DC-439E-9D3E-2C8E506CDEE6}"
<<<<<<< HEAD
=======
EndProject
Project("{FAE04EC0-301F-11D3-BF4B-00C04F79EFBC}") = "Ribboned.Tests", "Ribboned.Tests\Ribboned.Tests.csproj", "{CE3BFBD0-AB83-4E4E-9C8C-7D8EA7D23E06}"
>>>>>>> main
EndProject
Global
	GlobalSection(SolutionConfigurationPlatforms) = preSolution
		Debug|Any CPU = Debug|Any CPU
		Release|Any CPU = Release|Any CPU
	EndGlobalSection
	GlobalSection(ProjectConfigurationPlatforms) = postSolution
		{3CFF4A2A-10DC-439E-9D3E-2C8E506CDEE6}.Debug|Any CPU.ActiveCfg = Debug|Any CPU
		{3CFF4A2A-10DC-439E-9D3E-2C8E506CDEE6}.Debug|Any CPU.Build.0 = Debug|Any CPU
		{3CFF4A2A-10DC-439E-9D3E-2C8E506CDEE6}.Release|Any CPU.ActiveCfg = Release|Any CPU
		{3CFF4A2A-10DC-439E-9D3E-2C8E506CDEE6}.Release|Any CPU.Build.0 = Release|Any CPU
		{CE3BFBD0-AB83-4E4E-9C8C-7D8EA7D23E06}.Debug|Any CPU.ActiveCfg = Debug|Any CPU
		{CE3BFBD0-AB83-4E4E-9C8C-7D8EA7D23E06}.Debug|Any CPU.Build.0 = Debug|Any CPU
		{CE3BFBD0-AB83-4E4E-9C8C-7D8EA7D23E06}.Release|Any CPU.ActiveCfg = Release|Any CPU
		{CE3BFBD0-AB83-4E4E-9C8C-7D8EA7D23E06}.Release|Any CPU.Build.0 = Release|Any CPU
	EndGlobalSection
	GlobalSection(SolutionProperties) = preSolution
		HideSolutionNode = FALSE
	EndGlobalSection
	GlobalSection(ExtensibilityGlobals) = postSolution
		SolutionGuid = {DDBF9F8B-5265-4412-A746-52FB65FFBBCE}
	EndGlobalSection
EndGlobal
